
Microsoft Visual Studio Solution File, Format Version 12.00
# Visual Studio Version 17
VisualStudioVersion = 17.11.35208.52
MinimumVisualStudioVersion = 10.0.40219.1
Project("{FAE04EC0-301F-11D3-BF4B-00C04F79EFBC}") = "odd and even 1", "odd and even 1.csproj", "{13023A57-B259-401D-A133-85FF229D9859}"
EndProject
Global
	GlobalSection(SolutionConfigurationPlatforms) = preSolution
		Debug|Any CPU = Debug|Any CPU
		Release|Any CPU = Release|Any CPU
	EndGlobalSection
	GlobalSection(ProjectConfigurationPlatforms) = postSolution
		{13023A57-B259-401D-A133-85FF229D9859}.Debug|Any CPU.ActiveCfg = Debug|Any CPU
		{13023A57-B259-401D-A133-85FF229D9859}.Debug|Any CPU.Build.0 = Debug|Any CPU
		{13023A57-B259-401D-A133-85FF229D9859}.Release|Any CPU.ActiveCfg = Release|Any CPU
		{13023A57-B259-401D-A133-85FF229D9859}.Release|Any CPU.Build.0 = Release|Any CPU
	EndGlobalSection
	GlobalSection(SolutionProperties) = preSolution
		HideSolutionNode = FALSE
	EndGlobalSection
	GlobalSection(ExtensibilityGlobals) = postSolution
		SolutionGuid = {4C9B3A42-A792-47A3-B238-7C36C2203286}
	EndGlobalSection
EndGlobal
